
Microsoft Visual Studio Solution File, Format Version 12.00
# Visual Studio 15
Project("{FAE04EC0-301F-11D3-BF4B-00C04F79EFBC}") = "Assembly-CSharp", "Assembly-CSharp.csproj", "{4CBC77E5-C677-8A1C-851B-7CD8A709D963}"
EndProject
Project("{FAE04EC0-301F-11D3-BF4B-00C04F79EFBC}") = "Assembly-CSharp-firstpass", "Assembly-CSharp-firstpass.csproj", "{79F652F0-AFBB-609A-5275-764D65E2425C}"
EndProject
Project("{FAE04EC0-301F-11D3-BF4B-00C04F79EFBC}") = "Assembly-CSharp-Editor-firstpass", "Assembly-CSharp-Editor-firstpass.csproj", "{9BE82182-B5F2-D9ED-9BD3-9EE6FC712EFD}"
EndProject
Global
	GlobalSection(SolutionConfigurationPlatforms) = preSolution
		Debug|Any CPU = Debug|Any CPU
		Release|Any CPU = Release|Any CPU
	EndGlobalSection
	GlobalSection(ProjectConfigurationPlatforms) = postSolution
		{4CBC77E5-C677-8A1C-851B-7CD8A709D963}.Debug|Any CPU.ActiveCfg = Debug|Any CPU
		{4CBC77E5-C677-8A1C-851B-7CD8A709D963}.Debug|Any CPU.Build.0 = Debug|Any CPU
		{4CBC77E5-C677-8A1C-851B-7CD8A709D963}.Release|Any CPU.ActiveCfg = Release|Any CPU
		{4CBC77E5-C677-8A1C-851B-7CD8A709D963}.Release|Any CPU.Build.0 = Release|Any CPU
		{79F652F0-AFBB-609A-5275-764D65E2425C}.Debug|Any CPU.ActiveCfg = Debug|Any CPU
		{79F652F0-AFBB-609A-5275-764D65E2425C}.Debug|Any CPU.Build.0 = Debug|Any CPU
		{79F652F0-AFBB-609A-5275-764D65E2425C}.Release|Any CPU.ActiveCfg = Release|Any CPU
		{79F652F0-AFBB-609A-5275-764D65E2425C}.Release|Any CPU.Build.0 = Release|Any CPU
		{9BE82182-B5F2-D9ED-9BD3-9EE6FC712EFD}.Debug|Any CPU.ActiveCfg = Debug|Any CPU
		{9BE82182-B5F2-D9ED-9BD3-9EE6FC712EFD}.Debug|Any CPU.Build.0 = Debug|Any CPU
		{9BE82182-B5F2-D9ED-9BD3-9EE6FC712EFD}.Release|Any CPU.ActiveCfg = Release|Any CPU
		{9BE82182-B5F2-D9ED-9BD3-9EE6FC712EFD}.Release|Any CPU.Build.0 = Release|Any CPU
	EndGlobalSection
	GlobalSection(SolutionProperties) = preSolution
		HideSolutionNode = FALSE
	EndGlobalSection
EndGlobal
